// !$*UTF8*$!
{
	archiveVersion = 1;
	classes = {
	};
	objectVersion = 48;
	objects = {

/* Begin PBXBuildFile section */
		6C4613DD20177BB5004004B0 /* AppDelegate.swift in Sources */ = {isa = PBXBuildFile; fileRef = 6C4613DC20177BB5004004B0 /* AppDelegate.swift */; };
		6C4613DF20177BB5004004B0 /* ViewController.swift in Sources */ = {isa = PBXBuildFile; fileRef = 6C4613DE20177BB5004004B0 /* ViewController.swift */; };
		6C4613E420177BB5004004B0 /* Assets.xcassets in Resources */ = {isa = PBXBuildFile; fileRef = 6C4613E320177BB5004004B0 /* Assets.xcassets */; };
		6C4613F220177BB5004004B0 /* TouchID_SwiftTests.swift in Sources */ = {isa = PBXBuildFile; fileRef = 6C4613F120177BB5004004B0 /* TouchID_SwiftTests.swift */; };
		6C4613FD20177BB5004004B0 /* TouchID_SwiftUITests.swift in Sources */ = {isa = PBXBuildFile; fileRef = 6C4613FC20177BB5004004B0 /* TouchID_SwiftUITests.swift */; };
/* End PBXBuildFile section */

/* Begin PBXContainerItemProxy section */
		6C4613EE20177BB5004004B0 /* PBXContainerItemProxy */ = {
			isa = PBXContainerItemProxy;
			containerPortal = 6C4613D120177BB5004004B0 /* Project object */;
			proxyType = 1;
			remoteGlobalIDString = 6C4613D820177BB5004004B0;
			remoteInfo = "TouchID-Swift";
		};
		6C4613F920177BB5004004B0 /* PBXContainerItemProxy */ = {
			isa = PBXContainerItemProxy;
			containerPortal = 6C4613D120177BB5004004B0 /* Project object */;
			proxyType = 1;
			remoteGlobalIDString = 6C4613D820177BB5004004B0;
			remoteInfo = "TouchID-Swift";
		};
/* End PBXContainerItemProxy section */

/* Begin PBXFileReference section */
		6C4613D920177BB5004004B0 /* TouchID-Swift.app */ = {isa = PBXFileReference; explicitFileType = wrapper.application; includeInIndex = 0; path = "TouchID-Swift.app"; sourceTree = BUILT_PRODUCTS_DIR; };
		6C4613DC20177BB5004004B0 /* AppDelegate.swift */ = {isa = PBXFileReference; lastKnownFileType = sourcecode.swift; path = AppDelegate.swift; sourceTree = "<group>"; };
		6C4613DE20177BB5004004B0 /* ViewController.swift */ = {isa = PBXFileReference; lastKnownFileType = sourcecode.swift; path = ViewController.swift; sourceTree = "<group>"; };
		6C4613E320177BB5004004B0 /* Assets.xcassets */ = {isa = PBXFileReference; lastKnownFileType = folder.assetcatalog; path = Assets.xcassets; sourceTree = "<group>"; };
		6C4613E820177BB5004004B0 /* Info.plist */ = {isa = PBXFileReference; lastKnownFileType = text.plist.xml; path = Info.plist; sourceTree = "<group>"; };
		6C4613ED20177BB5004004B0 /* TouchID-SwiftTests.xctest */ = {isa = PBXFileReference; explicitFileType = wrapper.cfbundle; includeInIndex = 0; path = "TouchID-SwiftTests.xctest"; sourceTree = BUILT_PRODUCTS_DIR; };
		6C4613F120177BB5004004B0 /* TouchID_SwiftTests.swift */ = {isa = PBXFileReference; lastKnownFileType = sourcecode.swift; path = TouchID_SwiftTests.swift; sourceTree = "<group>"; };
		6C4613F320177BB5004004B0 /* Info.plist */ = {isa = PBXFileReference; lastKnownFileType = text.plist.xml; path = Info.plist; sourceTree = "<group>"; };
		6C4613F820177BB5004004B0 /* TouchID-SwiftUITests.xctest */ = {isa = PBXFileReference; explicitFileType = wrapper.cfbundle; includeInIndex = 0; path = "TouchID-SwiftUITests.xctest"; sourceTree = BUILT_PRODUCTS_DIR; };
		6C4613FC20177BB5004004B0 /* TouchID_SwiftUITests.swift */ = {isa = PBXFileReference; lastKnownFileType = sourcecode.swift; path = TouchID_SwiftUITests.swift; sourceTree = "<group>"; };
		6C4613FE20177BB5004004B0 /* Info.plist */ = {isa = PBXFileReference; lastKnownFileType = text.plist.xml; path = Info.plist; sourceTree = "<group>"; };
/* End PBXFileReference section */

/* Begin PBXFrameworksBuildPhase section */
		6C4613D620177BB5004004B0 /* Frameworks */ = {
			isa = PBXFrameworksBuildPhase;
			buildActionMask = 2147483647;
			files = (
			);
			runOnlyForDeploymentPostprocessing = 0;
		};
		6C4613EA20177BB5004004B0 /* Frameworks */ = {
			isa = PBXFrameworksBuildPhase;
			buildActionMask = 2147483647;
			files = (
			);
			runOnlyForDeploymentPostprocessing = 0;
		};
		6C4613F520177BB5004004B0 /* Frameworks */ = {
			isa = PBXFrameworksBuildPhase;
			buildActionMask = 2147483647;
			files = (
			);
			runOnlyForDeploymentPostprocessing = 0;
		};
/* End PBXFrameworksBuildPhase section */

/* Begin PBXGroup section */
		6C4613D020177BB5004004B0 = {
			isa = PBXGroup;
			children = (
				6C4613DB20177BB5004004B0 /* TouchID-Swift */,
				6C4613F020177BB5004004B0 /* TouchID-SwiftTests */,
				6C4613FB20177BB5004004B0 /* TouchID-SwiftUITests */,
				6C4613DA20177BB5004004B0 /* Products */,
			);
			sourceTree = "<group>";
		};
		6C4613DA20177BB5004004B0 /* Products */ = {
			isa = PBXGroup;
			children = (
				6C4613D920177BB5004004B0 /* TouchID-Swift.app */,
				6C4613ED20177BB5004004B0 /* TouchID-SwiftTests.xctest */,
				6C4613F820177BB5004004B0 /* TouchID-SwiftUITests.xctest */,
			);
			name = Products;
			sourceTree = "<group>";
		};
		6C4613DB20177BB5004004B0 /* TouchID-Swift */ = {
			isa = PBXGroup;
			children = (
				6C4613DC20177BB5004004B0 /* AppDelegate.swift */,
				6C4613DE20177BB5004004B0 /* ViewController.swift */,
				6C4613E320177BB5004004B0 /* Assets.xcassets */,
				6C4613E820177BB5004004B0 /* Info.plist */,
			);
			path = "TouchID-Swift";
			sourceTree = "<group>";
		};
		6C4613F020177BB5004004B0 /* TouchID-SwiftTests */ = {
			isa = PBXGroup;
			children = (
				6C4613F120177BB5004004B0 /* TouchID_SwiftTests.swift */,
				6C4613F320177BB5004004B0 /* Info.plist */,
			);
			path = "TouchID-SwiftTests";
			sourceTree = "<group>";
		};
		6C4613FB20177BB5004004B0 /* TouchID-SwiftUITests */ = {
			isa = PBXGroup;
			children = (
				6C4613FC20177BB5004004B0 /* TouchID_SwiftUITests.swift */,
				6C4613FE20177BB5004004B0 /* Info.plist */,
			);
			path = "TouchID-SwiftUITests";
			sourceTree = "<group>";
		};
/* End PBXGroup section */

/* Begin PBXNativeTarget section */
		6C4613D820177BB5004004B0 /* TouchID-Swift */ = {
			isa = PBXNativeTarget;
			buildConfigurationList = 6C46140120177BB5004004B0 /* Build configuration list for PBXNativeTarget "TouchID-Swift" */;
			buildPhases = (
				6C4613D520177BB5004004B0 /* Sources */,
				6C4613D620177BB5004004B0 /* Frameworks */,
				6C4613D720177BB5004004B0 /* Resources */,
			);
			buildRules = (
			);
			dependencies = (
			);
			name = "TouchID-Swift";
			productName = "TouchID-Swift";
			productReference = 6C4613D920177BB5004004B0 /* TouchID-Swift.app */;
			productType = "com.apple.product-type.application";
		};
		6C4613EC20177BB5004004B0 /* TouchID-SwiftTests */ = {
			isa = PBXNativeTarget;
			buildConfigurationList = 6C46140420177BB5004004B0 /* Build configuration list for PBXNativeTarget "TouchID-SwiftTests" */;
			buildPhases = (
				6C4613E920177BB5004004B0 /* Sources */,
				6C4613EA20177BB5004004B0 /* Frameworks */,
				6C4613EB20177BB5004004B0 /* Resources */,
			);
			buildRules = (
			);
			dependencies = (
				6C4613EF20177BB5004004B0 /* PBXTargetDependency */,
			);
			name = "TouchID-SwiftTests";
			productName = "TouchID-SwiftTests";
			productReference = 6C4613ED20177BB5004004B0 /* TouchID-SwiftTests.xctest */;
			productType = "com.apple.product-type.bundle.unit-test";
		};
		6C4613F720177BB5004004B0 /* TouchID-SwiftUITests */ = {
			isa = PBXNativeTarget;
			buildConfigurationList = 6C46140720177BB5004004B0 /* Build configuration list for PBXNativeTarget "TouchID-SwiftUITests" */;
			buildPhases = (
				6C4613F420177BB5004004B0 /* Sources */,
				6C4613F520177BB5004004B0 /* Frameworks */,
				6C4613F620177BB5004004B0 /* Resources */,
			);
			buildRules = (
			);
			dependencies = (
				6C4613FA20177BB5004004B0 /* PBXTargetDependency */,
			);
			name = "TouchID-SwiftUITests";
			productName = "TouchID-SwiftUITests";
			productReference = 6C4613F820177BB5004004B0 /* TouchID-SwiftUITests.xctest */;
			productType = "com.apple.product-type.bundle.ui-testing";
		};
/* End PBXNativeTarget section */

/* Begin PBXProject section */
		6C4613D120177BB5004004B0 /* Project object */ = {
			isa = PBXProject;
			attributes = {
				LastSwiftUpdateCheck = 0920;
				LastUpgradeCheck = 0920;
				ORGANIZATIONNAME = "Shaoting Zhou";
				TargetAttributes = {
					6C4613D820177BB5004004B0 = {
						CreatedOnToolsVersion = 9.2;
						ProvisioningStyle = Automatic;
					};
					6C4613EC20177BB5004004B0 = {
						CreatedOnToolsVersion = 9.2;
						ProvisioningStyle = Automatic;
						TestTargetID = 6C4613D820177BB5004004B0;
					};
					6C4613F720177BB5004004B0 = {
						CreatedOnToolsVersion = 9.2;
						ProvisioningStyle = Automatic;
						TestTargetID = 6C4613D820177BB5004004B0;
					};
				};
			};
			buildConfigurationList = 6C4613D420177BB5004004B0 /* Build configuration list for PBXProject "TouchID-Swift" */;
			compatibilityVersion = "Xcode 8.0";
			developmentRegion = en;
			hasScannedForEncodings = 0;
			knownRegions = (
				en,
				Base,
			);
			mainGroup = 6C4613D020177BB5004004B0;
			productRefGroup = 6C4613DA20177BB5004004B0 /* Products */;
			projectDirPath = "";
			projectRoot = "";
			targets = (
				6C4613D820177BB5004004B0 /* TouchID-Swift */,
				6C4613EC20177BB5004004B0 /* TouchID-SwiftTests */,
				6C4613F720177BB5004004B0 /* TouchID-SwiftUITests */,
			);
		};
/* End PBXProject section */

/* Begin PBXResourcesBuildPhase section */
		6C4613D720177BB5004004B0 /* Resources */ = {
			isa = PBXResourcesBuildPhase;
			buildActionMask = 2147483647;
			files = (
				6C4613E420177BB5004004B0 /* Assets.xcassets in Resources */,
			);
			runOnlyForDeploymentPostprocessing = 0;
		};
		6C4613EB20177BB5004004B0 /* Resources */ = {
			isa = PBXResourcesBuildPhase;
			buildActionMask = 2147483647;
			files = (
			);
			runOnlyForDeploymentPostprocessing = 0;
		};
		6C4613F620177BB5004004B0 /* Resources */ = {
			isa = PBXResourcesBuildPhase;
			buildActionMask = 2147483647;
			files = (
			);
			runOnlyForDeploymentPostprocessing = 0;
		};
/* End PBXResourcesBuildPhase section */

/* Begin PBXSourcesBuildPhase section */
		6C4613D520177BB5004004B0 /* Sources */ = {
			isa = PBXSourcesBuildPhase;
			buildActionMask = 2147483647;
			files = (
				6C4613DF20177BB5004004B0 /* ViewController.swift in Sources */,
				6C4613DD20177BB5004004B0 /* AppDelegate.swift in Sources */,
			);
			runOnlyForDeploymentPostprocessing = 0;
		};
		6C4613E920177BB5004004B0 /* Sources */ = {
			isa = PBXSourcesBuildPhase;
			buildActionMask = 2147483647;
			files = (
				6C4613F220177BB5004004B0 /* TouchID_SwiftTests.swift in Sources */,
			);
			runOnlyForDeploymentPostprocessing = 0;
		};
		6C4613F420177BB5004004B0 /* Sources */ = {
			isa = PBXSourcesBuildPhase;
			buildActionMask = 2147483647;
			files = (
				6C4613FD20177BB5004004B0 /* TouchID_SwiftUITests.swift in Sources */,
			);
			runOnlyForDeploymentPostprocessing = 0;
		};
/* End PBXSourcesBuildPhase section */

/* Begin PBXTargetDependency section */
		6C4613EF20177BB5004004B0 /* PBXTargetDependency */ = {
			isa = PBXTargetDependency;
			target = 6C4613D820177BB5004004B0 /* TouchID-Swift */;
			targetProxy = 6C4613EE20177BB5004004B0 /* PBXContainerItemProxy */;
		};
		6C4613FA20177BB5004004B0 /* PBXTargetDependency */ = {
			isa = PBXTargetDependency;
			target = 6C4613D820177BB5004004B0 /* TouchID-Swift */;
			targetProxy = 6C4613F920177BB5004004B0 /* PBXContainerItemProxy */;
		};
/* End PBXTargetDependency section */

/* Begin XCBuildConfiguration section */
		6C4613FF20177BB5004004B0 /* Debug */ = {
			isa = XCBuildConfiguration;
			buildSettings = {
				ALWAYS_SEARCH_USER_PATHS = NO;
				CLANG_ANALYZER_NONNULL = YES;
				CLANG_ANALYZER_NUMBER_OBJECT_CONVERSION = YES_AGGRESSIVE;
				CLANG_CXX_LANGUAGE_STANDARD = "gnu++14";
				CLANG_CXX_LIBRARY = "libc++";
				CLANG_ENABLE_MODULES = YES;
				CLANG_ENABLE_OBJC_ARC = YES;
				CLANG_WARN_BLOCK_CAPTURE_AUTORELEASING = YES;
				CLANG_WARN_BOOL_CONVERSION = YES;
				CLANG_WARN_COMMA = YES;
				CLANG_WARN_CONSTANT_CONVERSION = YES;
				CLANG_WARN_DIRECT_OBJC_ISA_USAGE = YES_ERROR;
				CLANG_WARN_DOCUMENTATION_COMMENTS = YES;
				CLANG_WARN_EMPTY_BODY = YES;
				CLANG_WARN_ENUM_CONVERSION = YES;
				CLANG_WARN_INFINITE_RECURSION = YES;
				CLANG_WARN_INT_CONVERSION = YES;
				CLANG_WARN_NON_LITERAL_NULL_CONVERSION = YES;
				CLANG_WARN_OBJC_LITERAL_CONVERSION = YES;
				CLANG_WARN_OBJC_ROOT_CLASS = YES_ERROR;
				CLANG_WARN_RANGE_LOOP_ANALYSIS = YES;
				CLANG_WARN_STRICT_PROTOTYPES = YES;
				CLANG_WARN_SUSPICIOUS_MOVE = YES;
				CLANG_WARN_UNGUARDED_AVAILABILITY = YES_AGGRESSIVE;
				CLANG_WARN_UNREACHABLE_CODE = YES;
				CLANG_WARN__DUPLICATE_METHOD_MATCH = YES;
				CODE_SIGN_IDENTITY = "iPhone Developer";
				COPY_PHASE_STRIP = NO;
				DEBUG_INFORMATION_FORMAT = dwarf;
				ENABLE_STRICT_OBJC_MSGSEND = YES;
				ENABLE_TESTABILITY = YES;
				GCC_C_LANGUAGE_STANDARD = gnu11;
				GCC_DYNAMIC_NO_PIC = NO;
				GCC_NO_COMMON_BLOCKS = YES;
				GCC_OPTIMIZATION_LEVEL = 0;
				GCC_PREPROCESSOR_DEFINITIONS = (
					"DEBUG=1",
					"$(inherited)",
				);
				GCC_WARN_64_TO_32_BIT_CONVERSION = YES;
				GCC_WARN_ABOUT_RETURN_TYPE = YES_ERROR;
				GCC_WARN_UNDECLARED_SELECTOR = YES;
				GCC_WARN_UNINITIALIZED_AUTOS = YES_AGGRESSIVE;
				GCC_WARN_UNUSED_FUNCTION = YES;
				GCC_WARN_UNUSED_VARIABLE = YES;
				IPHONEOS_DEPLOYMENT_TARGET = 11.2;
				MTL_ENABLE_DEBUG_INFO = YES;
				ONLY_ACTIVE_ARCH = YES;
				SDKROOT = iphoneos;
				SWIFT_ACTIVE_COMPILATION_CONDITIONS = DEBUG;
				SWIFT_OPTIMIZATION_LEVEL = "-Onone";
			};
			name = Debug;
		};
		6C46140020177BB5004004B0 /* Release */ = {
			isa = XCBuildConfiguration;
			buildSettings = {
				ALWAYS_SEARCH_USER_PATHS = NO;
				CLANG_ANALYZER_NONNULL = YES;
				CLANG_ANALYZER_NUMBER_OBJECT_CONVERSION = YES_AGGRESSIVE;
				CLANG_CXX_LANGUAGE_STANDARD = "gnu++14";
				CLANG_CXX_LIBRARY = "libc++";
				CLANG_ENABLE_MODULES = YES;
				CLANG_ENABLE_OBJC_ARC = YES;
				CLANG_WARN_BLOCK_CAPTURE_AUTORELEASING = YES;
				CLANG_WARN_BOOL_CONVERSION = YES;
				CLANG_WARN_COMMA = YES;
				CLANG_WARN_CONSTANT_CONVERSION = YES;
				CLANG_WARN_DIRECT_OBJC_ISA_USAGE = YES_ERROR;
				CLANG_WARN_DOCUMENTATION_COMMENTS = YES;
				CLANG_WARN_EMPTY_BODY = YES;
				CLANG_WARN_ENUM_CONVERSION = YES;
				CLANG_WARN_INFINITE_RECURSION = YES;
				CLANG_WARN_INT_CONVERSION = YES;
				CLANG_WARN_NON_LITERAL_NULL_CONVERSION = YES;
				CLANG_WARN_OBJC_LITERAL_CONVERSION = YES;
				CLANG_WARN_OBJC_ROOT_CLASS = YES_ERROR;
				CLANG_WARN_RANGE_LOOP_ANALYSIS = YES;
				CLANG_WARN_STRICT_PROTOTYPES = YES;
				CLANG_WARN_SUSPICIOUS_MOVE = YES;
				CLANG_WARN_UNGUARDED_AVAILABILITY = YES_AGGRESSIVE;
				CLANG_WARN_UNREACHABLE_CODE = YES;
				CLANG_WARN__DUPLICATE_METHOD_MATCH = YES;
				CODE_SIGN_IDENTITY = "iPhone Developer";
				COPY_PHASE_STRIP = NO;
				DEBUG_INFORMATION_FORMAT = "dwarf-with-dsym";
				ENABLE_NS_ASSERTIONS = NO;
				ENABLE_STRICT_OBJC_MSGSEND = YES;
				GCC_C_LANGUAGE_STANDARD = gnu11;
				GCC_NO_COMMON_BLOCKS = YES;
				GCC_WARN_64_TO_32_BIT_CONVERSION = YES;
				GCC_WARN_ABOUT_RETURN_TYPE = YES_ERROR;
				GCC_WARN_UNDECLARED_SELECTOR = YES;
				GCC_WARN_UNINITIALIZED_AUTOS = YES_AGGRESSIVE;
				GCC_WARN_UNUSED_FUNCTION = YES;
				GCC_WARN_UNUSED_VARIABLE = YES;
				IPHONEOS_DEPLOYMENT_TARGET = 11.2;
				MTL_ENABLE_DEBUG_INFO = NO;
				SDKROOT = iphoneos;
				SWIFT_OPTIMIZATION_LEVEL = "-Owholemodule";
				VALIDATE_PRODUCT = YES;
			};
			name = Release;
		};
		6C46140220177BB5004004B0 /* Debug */ = {
			isa = XCBuildConfiguration;
			buildSettings = {
				ASSETCATALOG_COMPILER_APPICON_NAME = AppIcon;
				CODE_SIGN_STYLE = Automatic;
				DEVELOPMENT_TEAM = U4629HP3VA;
				INFOPLIST_FILE = "TouchID-Swift/Info.plist";
				IPHONEOS_DEPLOYMENT_TARGET = 8.0;
				LD_RUNPATH_SEARCH_PATHS = "$(inherited) @executable_path/Frameworks";
				PRODUCT_BUNDLE_IDENTIFIER = "Shaoting-Zhou.TouchID-Swift";
				PRODUCT_NAME = "$(TARGET_NAME)";
				SWIFT_VERSION = 4.0;
				TARGETED_DEVICE_FAMILY = "1,2";
			};
			name = Debug;
		};
		6C46140320177BB5004004B0 /* Release */ = {
			isa = XCBuildConfiguration;
			buildSettings = {
				ASSETCATALOG_COMPILER_APPICON_NAME = AppIcon;
				CODE_SIGN_STYLE = Automatic;
				DEVELOPMENT_TEAM = U4629HP3VA;
				INFOPLIST_FILE = "TouchID-Swift/Info.plist";
				IPHONEOS_DEPLOYMENT_TARGET = 8.0;
				LD_RUNPATH_SEARCH_PATHS = "$(inherited) @executable_path/Frameworks";
				PRODUCT_BUNDLE_IDENTIFIER = "Shaoting-Zhou.TouchID-Swift";
				PRODUCT_NAME = "$(TARGET_NAME)";
				SWIFT_VERSION = 4.0;
				TARGETED_DEVICE_FAMILY = "1,2";
			};
			name = Release;
		};
		6C46140520177BB5004004B0 /* Debug */ = {
			isa = XCBuildConfiguration;
			buildSettings = {
				ALWAYS_EMBED_SWIFT_STANDARD_LIBRARIES = YES;
				BUNDLE_LOADER = "$(TEST_HOST)";
				CODE_SIGN_STYLE = Automatic;
				DEVELOPMENT_TEAM = U4629HP3VA;
				INFOPLIST_FILE = "TouchID-SwiftTests/Info.plist";
				LD_RUNPATH_SEARCH_PATHS = "$(inherited) @executable_path/Frameworks @loader_path/Frameworks";
				PRODUCT_BUNDLE_IDENTIFIER = "Shaoting-Zhou.TouchID-SwiftTests";
				PRODUCT_NAME = "$(TARGET_NAME)";
				SWIFT_VERSION = 4.0;
				TARGETED_DEVICE_FAMILY = "1,2";
				TEST_HOST = "$(BUILT_PRODUCTS_DIR)/TouchID-Swift.app/TouchID-Swift";
			};
			name = Debug;
		};
		6C46140620177BB5004004B0 /* Release */ = {
			isa = XCBuildConfiguration;
			buildSettings = {
				ALWAYS_EMBED_SWIFT_STANDARD_LIBRARIES = YES;
				BUNDLE_LOADER = "$(TEST_HOST)";
				CODE_SIGN_STYLE = Automatic;
				DEVELOPMENT_TEAM = U4629HP3VA;
				INFOPLIST_FILE = "TouchID-SwiftTests/Info.plist";
				LD_RUNPATH_SEARCH_PATHS = "$(inherited) @executable_path/Frameworks @loader_path/Frameworks";
				PRODUCT_BUNDLE_IDENTIFIER = "Shaoting-Zhou.TouchID-SwiftTests";
				PRODUCT_NAME = "$(TARGET_NAME)";
				SWIFT_VERSION = 4.0;
				TARGETED_DEVICE_FAMILY = "1,2";
				TEST_HOST = "$(BUILT_PRODUCTS_DIR)/TouchID-Swift.app/TouchID-Swift";
			};
			name = Release;
		};
		6C46140820177BB5004004B0 /* Debug */ = {
			isa = XCBuildConfiguration;
			buildSettings = {
				ALWAYS_EMBED_SWIFT_STANDARD_LIBRARIES = YES;
				CODE_SIGN_STYLE = Automatic;
				DEVELOPMENT_TEAM = U4629HP3VA;
				INFOPLIST_FILE = "TouchID-SwiftUITests/Info.plist";
				LD_RUNPATH_SEARCH_PATHS = "$(inherited) @executable_path/Frameworks @loader_path/Frameworks";
				PRODUCT_BUNDLE_IDENTIFIER = "Shaoting-Zhou.TouchID-SwiftUITests";
				PRODUCT_NAME = "$(TARGET_NAME)";
				SWIFT_VERSION = 4.0;
				TARGETED_DEVICE_FAMILY = "1,2";
				TEST_TARGET_NAME = "TouchID-Swift";
			};
			name = Debug;
		};
		6C46140920177BB5004004B0 /* Release */ = {
			isa = XCBuildConfiguration;
			buildSettings = {
				ALWAYS_EMBED_SWIFT_STANDARD_LIBRARIES = YES;
				CODE_SIGN_STYLE = Automatic;
				DEVELOPMENT_TEAM = U4629HP3VA;
				INFOPLIST_FILE = "TouchID-SwiftUITests/Info.plist";
				LD_RUNPATH_SEARCH_PATHS = "$(inherited) @executable_path/Frameworks @loader_path/Frameworks";
				PRODUCT_BUNDLE_IDENTIFIER = "Shaoting-Zhou.TouchID-SwiftUITests";
				PRODUCT_NAME = "$(TARGET_NAME)";
				SWIFT_VERSION = 4.0;
				TARGETED_DEVICE_FAMILY = "1,2";
				TEST_TARGET_NAME = "TouchID-Swift";
			};
			name = Release;
		};
/* End XCBuildConfiguration section */

/* Begin XCConfigurationList section */
		6C4613D420177BB5004004B0 /* Build configuration list for PBXProject "TouchID-Swift" */ = {
			isa = XCConfigurationList;
			buildConfigurations = (
				6C4613FF20177BB5004004B0 /* Debug */,
				6C46140020177BB5004004B0 /* Release */,
			);
			defaultConfigurationIsVisible = 0;
			defaultConfigurationName = Release;
		};
		6C46140120177BB5004004B0 /* Build configuration list for PBXNativeTarget "TouchID-Swift" */ = {
			isa = XCConfigurationList;
			buildConfigurations = (
				6C46140220177BB5004004B0 /* Debug */,
				6C46140320177BB5004004B0 /* Release */,
			);
			defaultConfigurationIsVisible = 0;
			defaultConfigurationName = Release;
		};
		6C46140420177BB5004004B0 /* Build configuration list for PBXNativeTarget "TouchID-SwiftTests" */ = {
			isa = XCConfigurationList;
			buildConfigurations = (
				6C46140520177BB5004004B0 /* Debug */,
				6C46140620177BB5004004B0 /* Release */,
			);
			defaultConfigurationIsVisible = 0;
			defaultConfigurationName = Release;
		};
		6C46140720177BB5004004B0 /* Build configuration list for PBXNativeTarget "TouchID-SwiftUITests" */ = {
			isa = XCConfigurationList;
			buildConfigurations = (
				6C46140820177BB5004004B0 /* Debug */,
				6C46140920177BB5004004B0 /* Release */,
			);
			defaultConfigurationIsVisible = 0;
			defaultConfigurationName = Release;
		};
/* End XCConfigurationList section */
	};
	rootObject = 6C4613D120177BB5004004B0 /* Project object */;
}
