// !$*UTF8*$!
{
	archiveVersion = 1;
	classes = {
	};
	objectVersion = 48;
	objects = {

/* Begin PBXBuildFile section */
		6C4613A02017798E004004B0 /* AppDelegate.m in Sources */ = {isa = PBXBuildFile; fileRef = 6C46139F2017798E004004B0 /* AppDelegate.m */; };
		6C4613A32017798E004004B0 /* ViewController.m in Sources */ = {isa = PBXBuildFile; fileRef = 6C4613A22017798E004004B0 /* ViewController.m */; };
		6C4613A82017798E004004B0 /* Assets.xcassets in Resources */ = {isa = PBXBuildFile; fileRef = 6C4613A72017798E004004B0 /* Assets.xcassets */; };
		6C4613AE2017798E004004B0 /* main.m in Sources */ = {isa = PBXBuildFile; fileRef = 6C4613AD2017798E004004B0 /* main.m */; };
		6C4613B82017798F004004B0 /* TouchIDTests.m in Sources */ = {isa = PBXBuildFile; fileRef = 6C4613B72017798F004004B0 /* TouchIDTests.m */; };
		6C4613C32017798F004004B0 /* TouchIDUITests.m in Sources */ = {isa = PBXBuildFile; fileRef = 6C4613C22017798F004004B0 /* TouchIDUITests.m */; };
/* End PBXBuildFile section */

/* Begin PBXContainerItemProxy section */
		6C4613B42017798F004004B0 /* PBXContainerItemProxy */ = {
			isa = PBXContainerItemProxy;
			containerPortal = 6C4613932017798E004004B0 /* Project object */;
			proxyType = 1;
			remoteGlobalIDString = 6C46139A2017798E004004B0;
			remoteInfo = TouchID;
		};
		6C4613BF2017798F004004B0 /* PBXContainerItemProxy */ = {
			isa = PBXContainerItemProxy;
			containerPortal = 6C4613932017798E004004B0 /* Project object */;
			proxyType = 1;
			remoteGlobalIDString = 6C46139A2017798E004004B0;
			remoteInfo = TouchID;
		};
/* End PBXContainerItemProxy section */

/* Begin PBXFileReference section */
		6C46139B2017798E004004B0 /* TouchID.app */ = {isa = PBXFileReference; explicitFileType = wrapper.application; includeInIndex = 0; path = TouchID.app; sourceTree = BUILT_PRODUCTS_DIR; };
		6C46139E2017798E004004B0 /* AppDelegate.h */ = {isa = PBXFileReference; lastKnownFileType = sourcecode.c.h; path = AppDelegate.h; sourceTree = "<group>"; };
		6C46139F2017798E004004B0 /* AppDelegate.m */ = {isa = PBXFileReference; lastKnownFileType = sourcecode.c.objc; path = AppDelegate.m; sourceTree = "<group>"; };
		6C4613A12017798E004004B0 /* ViewController.h */ = {isa = PBXFileReference; lastKnownFileType = sourcecode.c.h; path = ViewController.h; sourceTree = "<group>"; };
		6C4613A22017798E004004B0 /* ViewController.m */ = {isa = PBXFileReference; lastKnownFileType = sourcecode.c.objc; path = ViewController.m; sourceTree = "<group>"; };
		6C4613A72017798E004004B0 /* Assets.xcassets */ = {isa = PBXFileReference; lastKnownFileType = folder.assetcatalog; path = Assets.xcassets; sourceTree = "<group>"; };
		6C4613AC2017798E004004B0 /* Info.plist */ = {isa = PBXFileReference; lastKnownFileType = text.plist.xml; path = Info.plist; sourceTree = "<group>"; };
		6C4613AD2017798E004004B0 /* main.m */ = {isa = PBXFileReference; lastKnownFileType = sourcecode.c.objc; path = main.m; sourceTree = "<group>"; };
		6C4613B32017798F004004B0 /* TouchIDTests.xctest */ = {isa = PBXFileReference; explicitFileType = wrapper.cfbundle; includeInIndex = 0; path = TouchIDTests.xctest; sourceTree = BUILT_PRODUCTS_DIR; };
		6C4613B72017798F004004B0 /* TouchIDTests.m */ = {isa = PBXFileReference; lastKnownFileType = sourcecode.c.objc; path = TouchIDTests.m; sourceTree = "<group>"; };
		6C4613B92017798F004004B0 /* Info.plist */ = {isa = PBXFileReference; lastKnownFileType = text.plist.xml; path = Info.plist; sourceTree = "<group>"; };
		6C4613BE2017798F004004B0 /* TouchIDUITests.xctest */ = {isa = PBXFileReference; explicitFileType = wrapper.cfbundle; includeInIndex = 0; path = TouchIDUITests.xctest; sourceTree = BUILT_PRODUCTS_DIR; };
		6C4613C22017798F004004B0 /* TouchIDUITests.m */ = {isa = PBXFileReference; lastKnownFileType = sourcecode.c.objc; path = TouchIDUITests.m; sourceTree = "<group>"; };
		6C4613C42017798F004004B0 /* Info.plist */ = {isa = PBXFileReference; lastKnownFileType = text.plist.xml; path = Info.plist; sourceTree = "<group>"; };
/* End PBXFileReference section */

/* Begin PBXFrameworksBuildPhase section */
		6C4613982017798E004004B0 /* Frameworks */ = {
			isa = PBXFrameworksBuildPhase;
			buildActionMask = 2147483647;
			files = (
			);
			runOnlyForDeploymentPostprocessing = 0;
		};
		6C4613B02017798F004004B0 /* Frameworks */ = {
			isa = PBXFrameworksBuildPhase;
			buildActionMask = 2147483647;
			files = (
			);
			runOnlyForDeploymentPostprocessing = 0;
		};
		6C4613BB2017798F004004B0 /* Frameworks */ = {
			isa = PBXFrameworksBuildPhase;
			buildActionMask = 2147483647;
			files = (
			);
			runOnlyForDeploymentPostprocessing = 0;
		};
/* End PBXFrameworksBuildPhase section */

/* Begin PBXGroup section */
		6C4613922017798E004004B0 = {
			isa = PBXGroup;
			children = (
				6C46139D2017798E004004B0 /* TouchID */,
				6C4613B62017798F004004B0 /* TouchIDTests */,
				6C4613C12017798F004004B0 /* TouchIDUITests */,
				6C46139C2017798E004004B0 /* Products */,
			);
			sourceTree = "<group>";
		};
		6C46139C2017798E004004B0 /* Products */ = {
			isa = PBXGroup;
			children = (
				6C46139B2017798E004004B0 /* TouchID.app */,
				6C4613B32017798F004004B0 /* TouchIDTests.xctest */,
				6C4613BE2017798F004004B0 /* TouchIDUITests.xctest */,
			);
			name = Products;
			sourceTree = "<group>";
		};
		6C46139D2017798E004004B0 /* TouchID */ = {
			isa = PBXGroup;
			children = (
				6C46139E2017798E004004B0 /* AppDelegate.h */,
				6C46139F2017798E004004B0 /* AppDelegate.m */,
				6C4613A12017798E004004B0 /* ViewController.h */,
				6C4613A22017798E004004B0 /* ViewController.m */,
				6C4613A72017798E004004B0 /* Assets.xcassets */,
				6C4613AC2017798E004004B0 /* Info.plist */,
				6C4613AD2017798E004004B0 /* main.m */,
			);
			path = TouchID;
			sourceTree = "<group>";
		};
		6C4613B62017798F004004B0 /* TouchIDTests */ = {
			isa = PBXGroup;
			children = (
				6C4613B72017798F004004B0 /* TouchIDTests.m */,
				6C4613B92017798F004004B0 /* Info.plist */,
			);
			path = TouchIDTests;
			sourceTree = "<group>";
		};
		6C4613C12017798F004004B0 /* TouchIDUITests */ = {
			isa = PBXGroup;
			children = (
				6C4613C22017798F004004B0 /* TouchIDUITests.m */,
				6C4613C42017798F004004B0 /* Info.plist */,
			);
			path = TouchIDUITests;
			sourceTree = "<group>";
		};
/* End PBXGroup section */

/* Begin PBXNativeTarget section */
		6C46139A2017798E004004B0 /* TouchID */ = {
			isa = PBXNativeTarget;
			buildConfigurationList = 6C4613C72017798F004004B0 /* Build configuration list for PBXNativeTarget "TouchID" */;
			buildPhases = (
				6C4613972017798E004004B0 /* Sources */,
				6C4613982017798E004004B0 /* Frameworks */,
				6C4613992017798E004004B0 /* Resources */,
			);
			buildRules = (
			);
			dependencies = (
			);
			name = TouchID;
			productName = TouchID;
			productReference = 6C46139B2017798E004004B0 /* TouchID.app */;
			productType = "com.apple.product-type.application";
		};
		6C4613B22017798F004004B0 /* TouchIDTests */ = {
			isa = PBXNativeTarget;
			buildConfigurationList = 6C4613CA2017798F004004B0 /* Build configuration list for PBXNativeTarget "TouchIDTests" */;
			buildPhases = (
				6C4613AF2017798F004004B0 /* Sources */,
				6C4613B02017798F004004B0 /* Frameworks */,
				6C4613B12017798F004004B0 /* Resources */,
			);
			buildRules = (
			);
			dependencies = (
				6C4613B52017798F004004B0 /* PBXTargetDependency */,
			);
			name = TouchIDTests;
			productName = TouchIDTests;
			productReference = 6C4613B32017798F004004B0 /* TouchIDTests.xctest */;
			productType = "com.apple.product-type.bundle.unit-test";
		};
		6C4613BD2017798F004004B0 /* TouchIDUITests */ = {
			isa = PBXNativeTarget;
			buildConfigurationList = 6C4613CD2017798F004004B0 /* Build configuration list for PBXNativeTarget "TouchIDUITests" */;
			buildPhases = (
				6C4613BA2017798F004004B0 /* Sources */,
				6C4613BB2017798F004004B0 /* Frameworks */,
				6C4613BC2017798F004004B0 /* Resources */,
			);
			buildRules = (
			);
			dependencies = (
				6C4613C02017798F004004B0 /* PBXTargetDependency */,
			);
			name = TouchIDUITests;
			productName = TouchIDUITests;
			productReference = 6C4613BE2017798F004004B0 /* TouchIDUITests.xctest */;
			productType = "com.apple.product-type.bundle.ui-testing";
		};
/* End PBXNativeTarget section */

/* Begin PBXProject section */
		6C4613932017798E004004B0 /* Project object */ = {
			isa = PBXProject;
			attributes = {
				LastUpgradeCheck = 0920;
				ORGANIZATIONNAME = "Shaoting Zhou";
				TargetAttributes = {
					6C46139A2017798E004004B0 = {
						CreatedOnToolsVersion = 9.2;
						ProvisioningStyle = Automatic;
					};
					6C4613B22017798F004004B0 = {
						CreatedOnToolsVersion = 9.2;
						ProvisioningStyle = Automatic;
						TestTargetID = 6C46139A2017798E004004B0;
					};
					6C4613BD2017798F004004B0 = {
						CreatedOnToolsVersion = 9.2;
						ProvisioningStyle = Automatic;
						TestTargetID = 6C46139A2017798E004004B0;
					};
				};
			};
			buildConfigurationList = 6C4613962017798E004004B0 /* Build configuration list for PBXProject "TouchID" */;
			compatibilityVersion = "Xcode 8.0";
			developmentRegion = en;
			hasScannedForEncodings = 0;
			knownRegions = (
				en,
				Base,
			);
			mainGroup = 6C4613922017798E004004B0;
			productRefGroup = 6C46139C2017798E004004B0 /* Products */;
			projectDirPath = "";
			projectRoot = "";
			targets = (
				6C46139A2017798E004004B0 /* TouchID */,
				6C4613B22017798F004004B0 /* TouchIDTests */,
				6C4613BD2017798F004004B0 /* TouchIDUITests */,
			);
		};
/* End PBXProject section */

/* Begin PBXResourcesBuildPhase section */
		6C4613992017798E004004B0 /* Resources */ = {
			isa = PBXResourcesBuildPhase;
			buildActionMask = 2147483647;
			files = (
				6C4613A82017798E004004B0 /* Assets.xcassets in Resources */,
			);
			runOnlyForDeploymentPostprocessing = 0;
		};
		6C4613B12017798F004004B0 /* Resources */ = {
			isa = PBXResourcesBuildPhase;
			buildActionMask = 2147483647;
			files = (
			);
			runOnlyForDeploymentPostprocessing = 0;
		};
		6C4613BC2017798F004004B0 /* Resources */ = {
			isa = PBXResourcesBuildPhase;
			buildActionMask = 2147483647;
			files = (
			);
			runOnlyForDeploymentPostprocessing = 0;
		};
/* End PBXResourcesBuildPhase section */

/* Begin PBXSourcesBuildPhase section */
		6C4613972017798E004004B0 /* Sources */ = {
			isa = PBXSourcesBuildPhase;
			buildActionMask = 2147483647;
			files = (
				6C4613A32017798E004004B0 /* ViewController.m in Sources */,
				6C4613AE2017798E004004B0 /* main.m in Sources */,
				6C4613A02017798E004004B0 /* AppDelegate.m in Sources */,
			);
			runOnlyForDeploymentPostprocessing = 0;
		};
		6C4613AF2017798F004004B0 /* Sources */ = {
			isa = PBXSourcesBuildPhase;
			buildActionMask = 2147483647;
			files = (
				6C4613B82017798F004004B0 /* TouchIDTests.m in Sources */,
			);
			runOnlyForDeploymentPostprocessing = 0;
		};
		6C4613BA2017798F004004B0 /* Sources */ = {
			isa = PBXSourcesBuildPhase;
			buildActionMask = 2147483647;
			files = (
				6C4613C32017798F004004B0 /* TouchIDUITests.m in Sources */,
			);
			runOnlyForDeploymentPostprocessing = 0;
		};
/* End PBXSourcesBuildPhase section */

/* Begin PBXTargetDependency section */
		6C4613B52017798F004004B0 /* PBXTargetDependency */ = {
			isa = PBXTargetDependency;
			target = 6C46139A2017798E004004B0 /* TouchID */;
			targetProxy = 6C4613B42017798F004004B0 /* PBXContainerItemProxy */;
		};
		6C4613C02017798F004004B0 /* PBXTargetDependency */ = {
			isa = PBXTargetDependency;
			target = 6C46139A2017798E004004B0 /* TouchID */;
			targetProxy = 6C4613BF2017798F004004B0 /* PBXContainerItemProxy */;
		};
/* End PBXTargetDependency section */

/* Begin XCBuildConfiguration section */
		6C4613C52017798F004004B0 /* Debug */ = {
			isa = XCBuildConfiguration;
			buildSettings = {
				ALWAYS_SEARCH_USER_PATHS = NO;
				CLANG_ANALYZER_NONNULL = YES;
				CLANG_ANALYZER_NUMBER_OBJECT_CONVERSION = YES_AGGRESSIVE;
				CLANG_CXX_LANGUAGE_STANDARD = "gnu++14";
				CLANG_CXX_LIBRARY = "libc++";
				CLANG_ENABLE_MODULES = YES;
				CLANG_ENABLE_OBJC_ARC = YES;
				CLANG_WARN_BLOCK_CAPTURE_AUTORELEASING = YES;
				CLANG_WARN_BOOL_CONVERSION = YES;
				CLANG_WARN_COMMA = YES;
				CLANG_WARN_CONSTANT_CONVERSION = YES;
				CLANG_WARN_DIRECT_OBJC_ISA_USAGE = YES_ERROR;
				CLANG_WARN_DOCUMENTATION_COMMENTS = YES;
				CLANG_WARN_EMPTY_BODY = YES;
				CLANG_WARN_ENUM_CONVERSION = YES;
				CLANG_WARN_INFINITE_RECURSION = YES;
				CLANG_WARN_INT_CONVERSION = YES;
				CLANG_WARN_NON_LITERAL_NULL_CONVERSION = YES;
				CLANG_WARN_OBJC_LITERAL_CONVERSION = YES;
				CLANG_WARN_OBJC_ROOT_CLASS = YES_ERROR;
				CLANG_WARN_RANGE_LOOP_ANALYSIS = YES;
				CLANG_WARN_STRICT_PROTOTYPES = YES;
				CLANG_WARN_SUSPICIOUS_MOVE = YES;
				CLANG_WARN_UNGUARDED_AVAILABILITY = YES_AGGRESSIVE;
				CLANG_WARN_UNREACHABLE_CODE = YES;
				CLANG_WARN__DUPLICATE_METHOD_MATCH = YES;
				CODE_SIGN_IDENTITY = "iPhone Developer";
				COPY_PHASE_STRIP = NO;
				DEBUG_INFORMATION_FORMAT = dwarf;
				ENABLE_STRICT_OBJC_MSGSEND = YES;
				ENABLE_TESTABILITY = YES;
				GCC_C_LANGUAGE_STANDARD = gnu11;
				GCC_DYNAMIC_NO_PIC = NO;
				GCC_NO_COMMON_BLOCKS = YES;
				GCC_OPTIMIZATION_LEVEL = 0;
				GCC_PREPROCESSOR_DEFINITIONS = (
					"DEBUG=1",
					"$(inherited)",
				);
				GCC_WARN_64_TO_32_BIT_CONVERSION = YES;
				GCC_WARN_ABOUT_RETURN_TYPE = YES_ERROR;
				GCC_WARN_UNDECLARED_SELECTOR = YES;
				GCC_WARN_UNINITIALIZED_AUTOS = YES_AGGRESSIVE;
				GCC_WARN_UNUSED_FUNCTION = YES;
				GCC_WARN_UNUSED_VARIABLE = YES;
				IPHONEOS_DEPLOYMENT_TARGET = 11.2;
				MTL_ENABLE_DEBUG_INFO = YES;
				ONLY_ACTIVE_ARCH = YES;
				SDKROOT = iphoneos;
			};
			name = Debug;
		};
		6C4613C62017798F004004B0 /* Release */ = {
			isa = XCBuildConfiguration;
			buildSettings = {
				ALWAYS_SEARCH_USER_PATHS = NO;
				CLANG_ANALYZER_NONNULL = YES;
				CLANG_ANALYZER_NUMBER_OBJECT_CONVERSION = YES_AGGRESSIVE;
				CLANG_CXX_LANGUAGE_STANDARD = "gnu++14";
				CLANG_CXX_LIBRARY = "libc++";
				CLANG_ENABLE_MODULES = YES;
				CLANG_ENABLE_OBJC_ARC = YES;
				CLANG_WARN_BLOCK_CAPTURE_AUTORELEASING = YES;
				CLANG_WARN_BOOL_CONVERSION = YES;
				CLANG_WARN_COMMA = YES;
				CLANG_WARN_CONSTANT_CONVERSION = YES;
				CLANG_WARN_DIRECT_OBJC_ISA_USAGE = YES_ERROR;
				CLANG_WARN_DOCUMENTATION_COMMENTS = YES;
				CLANG_WARN_EMPTY_BODY = YES;
				CLANG_WARN_ENUM_CONVERSION = YES;
				CLANG_WARN_INFINITE_RECURSION = YES;
				CLANG_WARN_INT_CONVERSION = YES;
				CLANG_WARN_NON_LITERAL_NULL_CONVERSION = YES;
				CLANG_WARN_OBJC_LITERAL_CONVERSION = YES;
				CLANG_WARN_OBJC_ROOT_CLASS = YES_ERROR;
				CLANG_WARN_RANGE_LOOP_ANALYSIS = YES;
				CLANG_WARN_STRICT_PROTOTYPES = YES;
				CLANG_WARN_SUSPICIOUS_MOVE = YES;
				CLANG_WARN_UNGUARDED_AVAILABILITY = YES_AGGRESSIVE;
				CLANG_WARN_UNREACHABLE_CODE = YES;
				CLANG_WARN__DUPLICATE_METHOD_MATCH = YES;
				CODE_SIGN_IDENTITY = "iPhone Developer";
				COPY_PHASE_STRIP = NO;
				DEBUG_INFORMATION_FORMAT = "dwarf-with-dsym";
				ENABLE_NS_ASSERTIONS = NO;
				ENABLE_STRICT_OBJC_MSGSEND = YES;
				GCC_C_LANGUAGE_STANDARD = gnu11;
				GCC_NO_COMMON_BLOCKS = YES;
				GCC_WARN_64_TO_32_BIT_CONVERSION = YES;
				GCC_WARN_ABOUT_RETURN_TYPE = YES_ERROR;
				GCC_WARN_UNDECLARED_SELECTOR = YES;
				GCC_WARN_UNINITIALIZED_AUTOS = YES_AGGRESSIVE;
				GCC_WARN_UNUSED_FUNCTION = YES;
				GCC_WARN_UNUSED_VARIABLE = YES;
				IPHONEOS_DEPLOYMENT_TARGET = 11.2;
				MTL_ENABLE_DEBUG_INFO = NO;
				SDKROOT = iphoneos;
				VALIDATE_PRODUCT = YES;
			};
			name = Release;
		};
		6C4613C82017798F004004B0 /* Debug */ = {
			isa = XCBuildConfiguration;
			buildSettings = {
				ASSETCATALOG_COMPILER_APPICON_NAME = AppIcon;
				CODE_SIGN_STYLE = Automatic;
				DEVELOPMENT_TEAM = U4629HP3VA;
				INFOPLIST_FILE = TouchID/Info.plist;
				IPHONEOS_DEPLOYMENT_TARGET = 8.0;
				LD_RUNPATH_SEARCH_PATHS = "$(inherited) @executable_path/Frameworks";
				PRODUCT_BUNDLE_IDENTIFIER = "Shaoting-Zhou.TouchID";
				PRODUCT_NAME = "$(TARGET_NAME)";
				TARGETED_DEVICE_FAMILY = "1,2";
			};
			name = Debug;
		};
		6C4613C92017798F004004B0 /* Release */ = {
			isa = XCBuildConfiguration;
			buildSettings = {
				ASSETCATALOG_COMPILER_APPICON_NAME = AppIcon;
				CODE_SIGN_STYLE = Automatic;
				DEVELOPMENT_TEAM = U4629HP3VA;
				INFOPLIST_FILE = TouchID/Info.plist;
				IPHONEOS_DEPLOYMENT_TARGET = 8.0;
				LD_RUNPATH_SEARCH_PATHS = "$(inherited) @executable_path/Frameworks";
				PRODUCT_BUNDLE_IDENTIFIER = "Shaoting-Zhou.TouchID";
				PRODUCT_NAME = "$(TARGET_NAME)";
				TARGETED_DEVICE_FAMILY = "1,2";
			};
			name = Release;
		};
		6C4613CB2017798F004004B0 /* Debug */ = {
			isa = XCBuildConfiguration;
			buildSettings = {
				BUNDLE_LOADER = "$(TEST_HOST)";
				CODE_SIGN_STYLE = Automatic;
				DEVELOPMENT_TEAM = U4629HP3VA;
				INFOPLIST_FILE = TouchIDTests/Info.plist;
				LD_RUNPATH_SEARCH_PATHS = "$(inherited) @executable_path/Frameworks @loader_path/Frameworks";
				PRODUCT_BUNDLE_IDENTIFIER = "Shaoting-Zhou.TouchIDTests";
				PRODUCT_NAME = "$(TARGET_NAME)";
				TARGETED_DEVICE_FAMILY = "1,2";
				TEST_HOST = "$(BUILT_PRODUCTS_DIR)/TouchID.app/TouchID";
			};
			name = Debug;
		};
		6C4613CC2017798F004004B0 /* Release */ = {
			isa = XCBuildConfiguration;
			buildSettings = {
				BUNDLE_LOADER = "$(TEST_HOST)";
				CODE_SIGN_STYLE = Automatic;
				DEVELOPMENT_TEAM = U4629HP3VA;
				INFOPLIST_FILE = TouchIDTests/Info.plist;
				LD_RUNPATH_SEARCH_PATHS = "$(inherited) @executable_path/Frameworks @loader_path/Frameworks";
				PRODUCT_BUNDLE_IDENTIFIER = "Shaoting-Zhou.TouchIDTests";
				PRODUCT_NAME = "$(TARGET_NAME)";
				TARGETED_DEVICE_FAMILY = "1,2";
				TEST_HOST = "$(BUILT_PRODUCTS_DIR)/TouchID.app/TouchID";
			};
			name = Release;
		};
		6C4613CE2017798F004004B0 /* Debug */ = {
			isa = XCBuildConfiguration;
			buildSettings = {
				CODE_SIGN_STYLE = Automatic;
				DEVELOPMENT_TEAM = U4629HP3VA;
				INFOPLIST_FILE = TouchIDUITests/Info.plist;
				LD_RUNPATH_SEARCH_PATHS = "$(inherited) @executable_path/Frameworks @loader_path/Frameworks";
				PRODUCT_BUNDLE_IDENTIFIER = "Shaoting-Zhou.TouchIDUITests";
				PRODUCT_NAME = "$(TARGET_NAME)";
				TARGETED_DEVICE_FAMILY = "1,2";
				TEST_TARGET_NAME = TouchID;
			};
			name = Debug;
		};
		6C4613CF2017798F004004B0 /* Release */ = {
			isa = XCBuildConfiguration;
			buildSettings = {
				CODE_SIGN_STYLE = Automatic;
				DEVELOPMENT_TEAM = U4629HP3VA;
				INFOPLIST_FILE = TouchIDUITests/Info.plist;
				LD_RUNPATH_SEARCH_PATHS = "$(inherited) @executable_path/Frameworks @loader_path/Frameworks";
				PRODUCT_BUNDLE_IDENTIFIER = "Shaoting-Zhou.TouchIDUITests";
				PRODUCT_NAME = "$(TARGET_NAME)";
				TARGETED_DEVICE_FAMILY = "1,2";
				TEST_TARGET_NAME = TouchID;
			};
			name = Release;
		};
/* End XCBuildConfiguration section */

/* Begin XCConfigurationList section */
		6C4613962017798E004004B0 /* Build configuration list for PBXProject "TouchID" */ = {
			isa = XCConfigurationList;
			buildConfigurations = (
				6C4613C52017798F004004B0 /* Debug */,
				6C4613C62017798F004004B0 /* Release */,
			);
			defaultConfigurationIsVisible = 0;
			defaultConfigurationName = Release;
		};
		6C4613C72017798F004004B0 /* Build configuration list for PBXNativeTarget "TouchID" */ = {
			isa = XCConfigurationList;
			buildConfigurations = (
				6C4613C82017798F004004B0 /* Debug */,
				6C4613C92017798F004004B0 /* Release */,
			);
			defaultConfigurationIsVisible = 0;
			defaultConfigurationName = Release;
		};
		6C4613CA2017798F004004B0 /* Build configuration list for PBXNativeTarget "TouchIDTests" */ = {
			isa = XCConfigurationList;
			buildConfigurations = (
				6C4613CB2017798F004004B0 /* Debug */,
				6C4613CC2017798F004004B0 /* Release */,
			);
			defaultConfigurationIsVisible = 0;
			defaultConfigurationName = Release;
		};
		6C4613CD2017798F004004B0 /* Build configuration list for PBXNativeTarget "TouchIDUITests" */ = {
			isa = XCConfigurationList;
			buildConfigurations = (
				6C4613CE2017798F004004B0 /* Debug */,
				6C4613CF2017798F004004B0 /* Release */,
			);
			defaultConfigurationIsVisible = 0;
			defaultConfigurationName = Release;
		};
/* End XCConfigurationList section */
	};
	rootObject = 6C4613932017798E004004B0 /* Project object */;
}
